
Microsoft Visual Studio Solution File, Format Version 12.00
# Visual Studio Version 16
VisualStudioVersion = 16.0.31005.135
MinimumVisualStudioVersion = 10.0.40219.1
Project("{FAE04EC0-301F-11D3-BF4B-00C04F79EFBC}") = "Marketdata.Bitfinex", "Marketdata.Bitfinex\Marketdata.Bitfinex.csproj", "{C49994E8-D433-468A-A5F7-B2C8412C11E7}"
EndProject
Global
	GlobalSection(SolutionConfigurationPlatforms) = preSolution
		Debug|Any CPU = Debug|Any CPU
		Release|Any CPU = Release|Any CPU
	EndGlobalSection
	GlobalSection(ProjectConfigurationPlatforms) = postSolution
		{C49994E8-D433-468A-A5F7-B2C8412C11E7}.Debug|Any CPU.ActiveCfg = Debug|Any CPU
		{C49994E8-D433-468A-A5F7-B2C8412C11E7}.Debug|Any CPU.Build.0 = Debug|Any CPU
		{C49994E8-D433-468A-A5F7-B2C8412C11E7}.Release|Any CPU.ActiveCfg = Release|Any CPU
		{C49994E8-D433-468A-A5F7-B2C8412C11E7}.Release|Any CPU.Build.0 = Release|Any CPU
	EndGlobalSection
	GlobalSection(SolutionProperties) = preSolution
		HideSolutionNode = FALSE
	EndGlobalSection
	GlobalSection(ExtensibilityGlobals) = postSolution
		SolutionGuid = {37073362-6326-417C-8A3C-1486D94DB6FB}
	EndGlobalSection
EndGlobal
